
Microsoft Visual Studio Solution File, Format Version 12.00
# Visual Studio 15
VisualStudioVersion = 15.0.26430.13
MinimumVisualStudioVersion = 10.0.40219.1
Project("{FAE04EC0-301F-11D3-BF4B-00C04F79EFBC}") = "TopologyTest", "TopologyTest\TopologyTest.csproj", "{F5ABCD27-24D2-4E29-85E3-B881B1721F6A}"
EndProject
Global
	GlobalSection(SolutionConfigurationPlatforms) = preSolution
		Debug|Any CPU = Debug|Any CPU
		Release|Any CPU = Release|Any CPU
	EndGlobalSection
	GlobalSection(ProjectConfigurationPlatforms) = postSolution
		{F5ABCD27-24D2-4E29-85E3-B881B1721F6A}.Debug|Any CPU.ActiveCfg = Debug|Any CPU
		{F5ABCD27-24D2-4E29-85E3-B881B1721F6A}.Debug|Any CPU.Build.0 = Debug|Any CPU
		{F5ABCD27-24D2-4E29-85E3-B881B1721F6A}.Release|Any CPU.ActiveCfg = Release|Any CPU
		{F5ABCD27-24D2-4E29-85E3-B881B1721F6A}.Release|Any CPU.Build.0 = Release|Any CPU
	EndGlobalSection
	GlobalSection(SolutionProperties) = preSolution
		HideSolutionNode = FALSE
	EndGlobalSection
EndGlobal
